
Microsoft Visual Studio Solution File, Format Version 12.00
# Visual Studio Version 16
VisualStudioVersion = 16.0.32413.511
MinimumVisualStudioVersion = 10.0.40219.1
Project("{FAE04EC0-301F-11D3-BF4B-00C04F79EFBC}") = "Maximum Sum Increasing Subsequence", "Maximum Sum Increasing Subsequence\Maximum Sum Increasing Subsequence.csproj", "{0383BE07-9F7C-4A68-A275-9BEECFAE674B}"
EndProject
Global
	GlobalSection(SolutionConfigurationPlatforms) = preSolution
		Debug|Any CPU = Debug|Any CPU
		Release|Any CPU = Release|Any CPU
	EndGlobalSection
	GlobalSection(ProjectConfigurationPlatforms) = postSolution
		{0383BE07-9F7C-4A68-A275-9BEECFAE674B}.Debug|Any CPU.ActiveCfg = Debug|Any CPU
		{0383BE07-9F7C-4A68-A275-9BEECFAE674B}.Debug|Any CPU.Build.0 = Debug|Any CPU
		{0383BE07-9F7C-4A68-A275-9BEECFAE674B}.Release|Any CPU.ActiveCfg = Release|Any CPU
		{0383BE07-9F7C-4A68-A275-9BEECFAE674B}.Release|Any CPU.Build.0 = Release|Any CPU
	EndGlobalSection
	GlobalSection(SolutionProperties) = preSolution
		HideSolutionNode = FALSE
	EndGlobalSection
	GlobalSection(ExtensibilityGlobals) = postSolution
		SolutionGuid = {7F26BCF3-DAFE-49E2-A88D-106A8A6E64D1}
	EndGlobalSection
EndGlobal
